
Microsoft Visual Studio Solution File, Format Version 12.00
# Visual Studio Version 16
VisualStudioVersion = 16.0.30615.102
MinimumVisualStudioVersion = 10.0.40219.1
Project("{2150E333-8FDC-42A3-9474-1A3956D46DE8}") = "Core", "Core", "{B32B69E7-D7BF-4D84-B9A6-76202CB9E3C0}"
EndProject
Project("{9A19103F-16F7-4668-BE54-9A1E7A4F7556}") = "AnyStatus.API", "Core\AnyStatus.API\AnyStatus.API.csproj", "{7D97ABE0-9358-48E9-AE9A-DA20460A0EC0}"
EndProject
Project("{9A19103F-16F7-4668-BE54-9A1E7A4F7556}") = "AnyStatus.API.Tests", "Core\AnyStatus.API.Tests\AnyStatus.API.Tests.csproj", "{FF092A01-D73E-4C87-BF37-FDDBFF180171}"
EndProject
Project("{9A19103F-16F7-4668-BE54-9A1E7A4F7556}") = "AnyStatus.Core", "Core\AnyStatus.Core\AnyStatus.Core.csproj", "{F5E4EEFB-C013-44BC-8EF0-C8881164B4FC}"
EndProject
Project("{9A19103F-16F7-4668-BE54-9A1E7A4F7556}") = "AnyStatus.Core.Tests", "Core\AnyStatus.Core.Tests\AnyStatus.Core.Tests.csproj", "{5EC40106-191C-460A-BDF6-4D7AC73A5A7F}"
EndProject
Project("{2150E333-8FDC-42A3-9474-1A3956D46DE8}") = "Plugins", "Plugins", "{F210F7D8-2FCC-47FF-B21E-2C26114D9955}"
EndProject
Project("{9A19103F-16F7-4668-BE54-9A1E7A4F7556}") = "AnyStatus.Plugins", "Plugins\AnyStatus.Plugins\AnyStatus.Plugins.csproj", "{6FD0F937-88BC-4BE1-85F7-16124DD1F231}"
EndProject
Project("{9A19103F-16F7-4668-BE54-9A1E7A4F7556}") = "AnyStatus.Plugins.Azure", "Plugins\AnyStatus.Plugins.Azure\AnyStatus.Plugins.Azure.csproj", "{71974018-F9BC-401A-AA31-EA0FC36D4E56}"
EndProject
Project("{9A19103F-16F7-4668-BE54-9A1E7A4F7556}") = "AnyStatus.Plugins.Docker", "Plugins\AnyStatus.Plugins.Docker\AnyStatus.Plugins.Docker.csproj", "{6EEAA094-D317-4EED-B0C6-FDBF10DBA29C}"
EndProject
Project("{9A19103F-16F7-4668-BE54-9A1E7A4F7556}") = "AnyStatus.Plugins.Jenkins", "Plugins\AnyStatus.Plugins.Jenkins\AnyStatus.Plugins.Jenkins.csproj", "{58AA6CC1-E352-4C9E-B1A4-3511C0019095}"
EndProject
Project("{9A19103F-16F7-4668-BE54-9A1E7A4F7556}") = "AnyStatus.Plugins.NuGet", "Plugins\AnyStatus.Plugins.NuGet\AnyStatus.Plugins.NuGet.csproj", "{ED2B5C7A-C941-4B61-9425-CA478C5219BF}"
EndProject
Project("{9A19103F-16F7-4668-BE54-9A1E7A4F7556}") = "AnyStatus.Plugins.Roslyn", "Plugins\AnyStatus.Plugins.Roslyn\AnyStatus.Plugins.Roslyn.csproj", "{FBDB50F5-FF5C-4012-8253-30E63298AB8D}"
EndProject
Project("{9A19103F-16F7-4668-BE54-9A1E7A4F7556}") = "AnyStatus.Plugins.SystemInformation", "Plugins\AnyStatus.Plugins.SystemInformation\AnyStatus.Plugins.SystemInformation.csproj", "{8AD1FCF9-3D83-404A-A0FA-75360FC247BC}"
EndProject
Project("{2150E333-8FDC-42A3-9474-1A3956D46DE8}") = "Apps", "Apps", "{BF515029-C34E-437C-A606-A44859B48861}"
EndProject
Project("{2150E333-8FDC-42A3-9474-1A3956D46DE8}") = "Windows", "Windows", "{AC7C472C-21AF-4B23-9CA4-159CAB4534D8}"
EndProject
Project("{9A19103F-16F7-4668-BE54-9A1E7A4F7556}") = "AnyStatus.Apps.Windows", "Apps\Windows\AnyStatus.Apps.Windows\AnyStatus.Apps.Windows.csproj", "{233F9E62-01A6-41FF-87BB-7A2E37B3CD08}"
EndProject
Project("{C7167F0D-BC9F-4E6E-AFE1-012C56B48DB5}") = "AnyStatus.Apps.Windows.Package", "Apps\Windows\AnyStatus.Apps.Windows.Package\AnyStatus.Apps.Windows.Package.wapproj", "{3D633D08-14DA-401B-BDDC-173A829AF2B6}"
EndProject
Project("{9A19103F-16F7-4668-BE54-9A1E7A4F7556}") = "AnyStatus.Apps.Windows.Tests", "Apps\Windows\AnyStatus.Apps.Windows.Tests\AnyStatus.Apps.Windows.Tests.csproj", "{6CB4001F-790F-418D-8587-046CB0CC9BFA}"
EndProject
Global
	GlobalSection(SolutionConfigurationPlatforms) = preSolution
		Debug|Any CPU = Debug|Any CPU
		Debug|ARM = Debug|ARM
		Debug|ARM64 = Debug|ARM64
		Debug|x64 = Debug|x64
		Debug|x86 = Debug|x86
		Release|Any CPU = Release|Any CPU
		Release|ARM = Release|ARM
		Release|ARM64 = Release|ARM64
		Release|x64 = Release|x64
		Release|x86 = Release|x86
	EndGlobalSection
	GlobalSection(ProjectConfigurationPlatforms) = postSolution
		{7D97ABE0-9358-48E9-AE9A-DA20460A0EC0}.Debug|Any CPU.ActiveCfg = Debug|Any CPU
		{7D97ABE0-9358-48E9-AE9A-DA20460A0EC0}.Debug|Any CPU.Build.0 = Debug|Any CPU
		{7D97ABE0-9358-48E9-AE9A-DA20460A0EC0}.Debug|ARM.ActiveCfg = Debug|Any CPU
		{7D97ABE0-9358-48E9-AE9A-DA20460A0EC0}.Debug|ARM.Build.0 = Debug|Any CPU
		{7D97ABE0-9358-48E9-AE9A-DA20460A0EC0}.Debug|ARM64.ActiveCfg = Debug|Any CPU
		{7D97ABE0-9358-48E9-AE9A-DA20460A0EC0}.Debug|ARM64.Build.0 = Debug|Any CPU
		{7D97ABE0-9358-48E9-AE9A-DA20460A0EC0}.Debug|x64.ActiveCfg = Debug|Any CPU
		{7D97ABE0-9358-48E9-AE9A-DA20460A0EC0}.Debug|x64.Build.0 = Debug|Any CPU
		{7D97ABE0-9358-48E9-AE9A-DA20460A0EC0}.Debug|x86.ActiveCfg = Debug|Any CPU
		{7D97ABE0-9358-48E9-AE9A-DA20460A0EC0}.Debug|x86.Build.0 = Debug|Any CPU
		{7D97ABE0-9358-48E9-AE9A-DA20460A0EC0}.Release|Any CPU.ActiveCfg = Release|Any CPU
		{7D97ABE0-9358-48E9-AE9A-DA20460A0EC0}.Release|Any CPU.Build.0 = Release|Any CPU
		{7D97ABE0-9358-48E9-AE9A-DA20460A0EC0}.Release|ARM.ActiveCfg = Release|Any CPU
		{7D97ABE0-9358-48E9-AE9A-DA20460A0EC0}.Release|ARM.Build.0 = Release|Any CPU
		{7D97ABE0-9358-48E9-AE9A-DA20460A0EC0}.Release|ARM64.ActiveCfg = Release|Any CPU
		{7D97ABE0-9358-48E9-AE9A-DA20460A0EC0}.Release|ARM64.Build.0 = Release|Any CPU
		{7D97ABE0-9358-48E9-AE9A-DA20460A0EC0}.Release|x64.ActiveCfg = Release|Any CPU
		{7D97ABE0-9358-48E9-AE9A-DA20460A0EC0}.Release|x64.Build.0 = Release|Any CPU
		{7D97ABE0-9358-48E9-AE9A-DA20460A0EC0}.Release|x86.ActiveCfg = Release|Any CPU
		{7D97ABE0-9358-48E9-AE9A-DA20460A0EC0}.Release|x86.Build.0 = Release|Any CPU
		{FF092A01-D73E-4C87-BF37-FDDBFF180171}.Debug|Any CPU.ActiveCfg = Debug|Any CPU
		{FF092A01-D73E-4C87-BF37-FDDBFF180171}.Debug|Any CPU.Build.0 = Debug|Any CPU
		{FF092A01-D73E-4C87-BF37-FDDBFF180171}.Debug|ARM.ActiveCfg = Debug|Any CPU
		{FF092A01-D73E-4C87-BF37-FDDBFF180171}.Debug|ARM.Build.0 = Debug|Any CPU
		{FF092A01-D73E-4C87-BF37-FDDBFF180171}.Debug|ARM64.ActiveCfg = Debug|Any CPU
		{FF092A01-D73E-4C87-BF37-FDDBFF180171}.Debug|ARM64.Build.0 = Debug|Any CPU
		{FF092A01-D73E-4C87-BF37-FDDBFF180171}.Debug|x64.ActiveCfg = Debug|Any CPU
		{FF092A01-D73E-4C87-BF37-FDDBFF180171}.Debug|x64.Build.0 = Debug|Any CPU
		{FF092A01-D73E-4C87-BF37-FDDBFF180171}.Debug|x86.ActiveCfg = Debug|Any CPU
		{FF092A01-D73E-4C87-BF37-FDDBFF180171}.Debug|x86.Build.0 = Debug|Any CPU
		{FF092A01-D73E-4C87-BF37-FDDBFF180171}.Release|Any CPU.ActiveCfg = Release|Any CPU
		{FF092A01-D73E-4C87-BF37-FDDBFF180171}.Release|Any CPU.Build.0 = Release|Any CPU
		{FF092A01-D73E-4C87-BF37-FDDBFF180171}.Release|ARM.ActiveCfg = Release|Any CPU
		{FF092A01-D73E-4C87-BF37-FDDBFF180171}.Release|ARM.Build.0 = Release|Any CPU
		{FF092A01-D73E-4C87-BF37-FDDBFF180171}.Release|ARM64.ActiveCfg = Release|Any CPU
		{FF092A01-D73E-4C87-BF37-FDDBFF180171}.Release|ARM64.Build.0 = Release|Any CPU
		{FF092A01-D73E-4C87-BF37-FDDBFF180171}.Release|x64.ActiveCfg = Release|Any CPU
		{FF092A01-D73E-4C87-BF37-FDDBFF180171}.Release|x64.Build.0 = Release|Any CPU
		{FF092A01-D73E-4C87-BF37-FDDBFF180171}.Release|x86.ActiveCfg = Release|Any CPU
		{FF092A01-D73E-4C87-BF37-FDDBFF180171}.Release|x86.Build.0 = Release|Any CPU
		{F5E4EEFB-C013-44BC-8EF0-C8881164B4FC}.Debug|Any CPU.ActiveCfg = Debug|Any CPU
		{F5E4EEFB-C013-44BC-8EF0-C8881164B4FC}.Debug|Any CPU.Build.0 = Debug|Any CPU
		{F5E4EEFB-C013-44BC-8EF0-C8881164B4FC}.Debug|ARM.ActiveCfg = Debug|Any CPU
		{F5E4EEFB-C013-44BC-8EF0-C8881164B4FC}.Debug|ARM.Build.0 = Debug|Any CPU
		{F5E4EEFB-C013-44BC-8EF0-C8881164B4FC}.Debug|ARM64.ActiveCfg = Debug|Any CPU
		{F5E4EEFB-C013-44BC-8EF0-C8881164B4FC}.Debug|ARM64.Build.0 = Debug|Any CPU
		{F5E4EEFB-C013-44BC-8EF0-C8881164B4FC}.Debug|x64.ActiveCfg = Debug|Any CPU
		{F5E4EEFB-C013-44BC-8EF0-C8881164B4FC}.Debug|x64.Build.0 = Debug|Any CPU
		{F5E4EEFB-C013-44BC-8EF0-C8881164B4FC}.Debug|x86.ActiveCfg = Debug|Any CPU
		{F5E4EEFB-C013-44BC-8EF0-C8881164B4FC}.Debug|x86.Build.0 = Debug|Any CPU
		{F5E4EEFB-C013-44BC-8EF0-C8881164B4FC}.Release|Any CPU.ActiveCfg = Release|Any CPU
		{F5E4EEFB-C013-44BC-8EF0-C8881164B4FC}.Release|Any CPU.Build.0 = Release|Any CPU
		{F5E4EEFB-C013-44BC-8EF0-C8881164B4FC}.Release|ARM.ActiveCfg = Release|Any CPU
		{F5E4EEFB-C013-44BC-8EF0-C8881164B4FC}.Release|ARM.Build.0 = Release|Any CPU
		{F5E4EEFB-C013-44BC-8EF0-C8881164B4FC}.Release|ARM64.ActiveCfg = Release|Any CPU
		{F5E4EEFB-C013-44BC-8EF0-C8881164B4FC}.Release|ARM64.Build.0 = Release|Any CPU
		{F5E4EEFB-C013-44BC-8EF0-C8881164B4FC}.Release|x64.ActiveCfg = Release|Any CPU
		{F5E4EEFB-C013-44BC-8EF0-C8881164B4FC}.Release|x64.Build.0 = Release|Any CPU
		{F5E4EEFB-C013-44BC-8EF0-C8881164B4FC}.Release|x86.ActiveCfg = Release|Any CPU
		{F5E4EEFB-C013-44BC-8EF0-C8881164B4FC}.Release|x86.Build.0 = Release|Any CPU
		{5EC40106-191C-460A-BDF6-4D7AC73A5A7F}.Debug|Any CPU.ActiveCfg = Debug|Any CPU
		{5EC40106-191C-460A-BDF6-4D7AC73A5A7F}.Debug|Any CPU.Build.0 = Debug|Any CPU
		{5EC40106-191C-460A-BDF6-4D7AC73A5A7F}.Debug|ARM.ActiveCfg = Debug|Any CPU
		{5EC40106-191C-460A-BDF6-4D7AC73A5A7F}.Debug|ARM.Build.0 = Debug|Any CPU
		{5EC40106-191C-460A-BDF6-4D7AC73A5A7F}.Debug|ARM64.ActiveCfg = Debug|Any CPU
		{5EC40106-191C-460A-BDF6-4D7AC73A5A7F}.Debug|ARM64.Build.0 = Debug|Any CPU
		{5EC40106-191C-460A-BDF6-4D7AC73A5A7F}.Debug|x64.ActiveCfg = Debug|Any CPU
		{5EC40106-191C-460A-BDF6-4D7AC73A5A7F}.Debug|x64.Build.0 = Debug|Any CPU
		{5EC40106-191C-460A-BDF6-4D7AC73A5A7F}.Debug|x86.ActiveCfg = Debug|Any CPU
		{5EC40106-191C-460A-BDF6-4D7AC73A5A7F}.Debug|x86.Build.0 = Debug|Any CPU
		{5EC40106-191C-460A-BDF6-4D7AC73A5A7F}.Release|Any CPU.ActiveCfg = Release|Any CPU
		{5EC40106-191C-460A-BDF6-4D7AC73A5A7F}.Release|Any CPU.Build.0 = Release|Any CPU
		{5EC40106-191C-460A-BDF6-4D7AC73A5A7F}.Release|ARM.ActiveCfg = Release|Any CPU
		{5EC40106-191C-460A-BDF6-4D7AC73A5A7F}.Release|ARM.Build.0 = Release|Any CPU
		{5EC40106-191C-460A-BDF6-4D7AC73A5A7F}.Release|ARM64.ActiveCfg = Release|Any CPU
		{5EC40106-191C-460A-BDF6-4D7AC73A5A7F}.Release|ARM64.Build.0 = Release|Any CPU
		{5EC40106-191C-460A-BDF6-4D7AC73A5A7F}.Release|x64.ActiveCfg = Release|Any CPU
		{5EC40106-191C-460A-BDF6-4D7AC73A5A7F}.Release|x64.Build.0 = Release|Any CPU
		{5EC40106-191C-460A-BDF6-4D7AC73A5A7F}.Release|x86.ActiveCfg = Release|Any CPU
		{5EC40106-191C-460A-BDF6-4D7AC73A5A7F}.Release|x86.Build.0 = Release|Any CPU
		{6FD0F937-88BC-4BE1-85F7-16124DD1F231}.Debug|Any CPU.ActiveCfg = Debug|Any CPU
		{6FD0F937-88BC-4BE1-85F7-16124DD1F231}.Debug|Any CPU.Build.0 = Debug|Any CPU
		{6FD0F937-88BC-4BE1-85F7-16124DD1F231}.Debug|ARM.ActiveCfg = Debug|Any CPU
		{6FD0F937-88BC-4BE1-85F7-16124DD1F231}.Debug|ARM.Build.0 = Debug|Any CPU
		{6FD0F937-88BC-4BE1-85F7-16124DD1F231}.Debug|ARM64.ActiveCfg = Debug|Any CPU
		{6FD0F937-88BC-4BE1-85F7-16124DD1F231}.Debug|ARM64.Build.0 = Debug|Any CPU
		{6FD0F937-88BC-4BE1-85F7-16124DD1F231}.Debug|x64.ActiveCfg = Debug|Any CPU
		{6FD0F937-88BC-4BE1-85F7-16124DD1F231}.Debug|x64.Build.0 = Debug|Any CPU
		{6FD0F937-88BC-4BE1-85F7-16124DD1F231}.Debug|x86.ActiveCfg = Debug|Any CPU
		{6FD0F937-88BC-4BE1-85F7-16124DD1F231}.Debug|x86.Build.0 = Debug|Any CPU
		{6FD0F937-88BC-4BE1-85F7-16124DD1F231}.Release|Any CPU.ActiveCfg = Release|Any CPU
		{6FD0F937-88BC-4BE1-85F7-16124DD1F231}.Release|Any CPU.Build.0 = Release|Any CPU
		{6FD0F937-88BC-4BE1-85F7-16124DD1F231}.Release|ARM.ActiveCfg = Release|Any CPU
		{6FD0F937-88BC-4BE1-85F7-16124DD1F231}.Release|ARM.Build.0 = Release|Any CPU
		{6FD0F937-88BC-4BE1-85F7-16124DD1F231}.Release|ARM64.ActiveCfg = Release|Any CPU
		{6FD0F937-88BC-4BE1-85F7-16124DD1F231}.Release|ARM64.Build.0 = Release|Any CPU
		{6FD0F937-88BC-4BE1-85F7-16124DD1F231}.Release|x64.ActiveCfg = Release|Any CPU
		{6FD0F937-88BC-4BE1-85F7-16124DD1F231}.Release|x64.Build.0 = Release|Any CPU
		{6FD0F937-88BC-4BE1-85F7-16124DD1F231}.Release|x86.ActiveCfg = Release|Any CPU
		{6FD0F937-88BC-4BE1-85F7-16124DD1F231}.Release|x86.Build.0 = Release|Any CPU
		{71974018-F9BC-401A-AA31-EA0FC36D4E56}.Debug|Any CPU.ActiveCfg = Debug|Any CPU
		{71974018-F9BC-401A-AA31-EA0FC36D4E56}.Debug|Any CPU.Build.0 = Debug|Any CPU
		{71974018-F9BC-401A-AA31-EA0FC36D4E56}.Debug|ARM.ActiveCfg = Debug|Any CPU
		{71974018-F9BC-401A-AA31-EA0FC36D4E56}.Debug|ARM.Build.0 = Debug|Any CPU
		{71974018-F9BC-401A-AA31-EA0FC36D4E56}.Debug|ARM64.ActiveCfg = Debug|Any CPU
		{71974018-F9BC-401A-AA31-EA0FC36D4E56}.Debug|ARM64.Build.0 = Debug|Any CPU
		{71974018-F9BC-401A-AA31-EA0FC36D4E56}.Debug|x64.ActiveCfg = Debug|Any CPU
		{71974018-F9BC-401A-AA31-EA0FC36D4E56}.Debug|x64.Build.0 = Debug|Any CPU
		{71974018-F9BC-401A-AA31-EA0FC36D4E56}.Debug|x86.ActiveCfg = Debug|Any CPU
		{71974018-F9BC-401A-AA31-EA0FC36D4E56}.Debug|x86.Build.0 = Debug|Any CPU
		{71974018-F9BC-401A-AA31-EA0FC36D4E56}.Release|Any CPU.ActiveCfg = Release|Any CPU
		{71974018-F9BC-401A-AA31-EA0FC36D4E56}.Release|Any CPU.Build.0 = Release|Any CPU
		{71974018-F9BC-401A-AA31-EA0FC36D4E56}.Release|ARM.ActiveCfg = Release|Any CPU
		{71974018-F9BC-401A-AA31-EA0FC36D4E56}.Release|ARM.Build.0 = Release|Any CPU
		{71974018-F9BC-401A-AA31-EA0FC36D4E56}.Release|ARM64.ActiveCfg = Release|Any CPU
		{71974018-F9BC-401A-AA31-EA0FC36D4E56}.Release|ARM64.Build.0 = Release|Any CPU
		{71974018-F9BC-401A-AA31-EA0FC36D4E56}.Release|x64.ActiveCfg = Release|Any CPU
		{71974018-F9BC-401A-AA31-EA0FC36D4E56}.Release|x64.Build.0 = Release|Any CPU
		{71974018-F9BC-401A-AA31-EA0FC36D4E56}.Release|x86.ActiveCfg = Release|Any CPU
		{71974018-F9BC-401A-AA31-EA0FC36D4E56}.Release|x86.Build.0 = Release|Any CPU
		{6EEAA094-D317-4EED-B0C6-FDBF10DBA29C}.Debug|Any CPU.ActiveCfg = Debug|Any CPU
		{6EEAA094-D317-4EED-B0C6-FDBF10DBA29C}.Debug|Any CPU.Build.0 = Debug|Any CPU
		{6EEAA094-D317-4EED-B0C6-FDBF10DBA29C}.Debug|ARM.ActiveCfg = Debug|Any CPU
		{6EEAA094-D317-4EED-B0C6-FDBF10DBA29C}.Debug|ARM.Build.0 = Debug|Any CPU
		{6EEAA094-D317-4EED-B0C6-FDBF10DBA29C}.Debug|ARM64.ActiveCfg = Debug|Any CPU
		{6EEAA094-D317-4EED-B0C6-FDBF10DBA29C}.Debug|ARM64.Build.0 = Debug|Any CPU
		{6EEAA094-D317-4EED-B0C6-FDBF10DBA29C}.Debug|x64.ActiveCfg = Debug|Any CPU
		{6EEAA094-D317-4EED-B0C6-FDBF10DBA29C}.Debug|x64.Build.0 = Debug|Any CPU
		{6EEAA094-D317-4EED-B0C6-FDBF10DBA29C}.Debug|x86.ActiveCfg = Debug|Any CPU
		{6EEAA094-D317-4EED-B0C6-FDBF10DBA29C}.Debug|x86.Build.0 = Debug|Any CPU
		{6EEAA094-D317-4EED-B0C6-FDBF10DBA29C}.Release|Any CPU.ActiveCfg = Release|Any CPU
		{6EEAA094-D317-4EED-B0C6-FDBF10DBA29C}.Release|Any CPU.Build.0 = Release|Any CPU
		{6EEAA094-D317-4EED-B0C6-FDBF10DBA29C}.Release|ARM.ActiveCfg = Release|Any CPU
		{6EEAA094-D317-4EED-B0C6-FDBF10DBA29C}.Release|ARM.Build.0 = Release|Any CPU
		{6EEAA094-D317-4EED-B0C6-FDBF10DBA29C}.Release|ARM64.ActiveCfg = Release|Any CPU
		{6EEAA094-D317-4EED-B0C6-FDBF10DBA29C}.Release|ARM64.Build.0 = Release|Any CPU
		{6EEAA094-D317-4EED-B0C6-FDBF10DBA29C}.Release|x64.ActiveCfg = Release|Any CPU
		{6EEAA094-D317-4EED-B0C6-FDBF10DBA29C}.Release|x64.Build.0 = Release|Any CPU
		{6EEAA094-D317-4EED-B0C6-FDBF10DBA29C}.Release|x86.ActiveCfg = Release|Any CPU
		{6EEAA094-D317-4EED-B0C6-FDBF10DBA29C}.Release|x86.Build.0 = Release|Any CPU
		{58AA6CC1-E352-4C9E-B1A4-3511C0019095}.Debug|Any CPU.ActiveCfg = Debug|Any CPU
		{58AA6CC1-E352-4C9E-B1A4-3511C0019095}.Debug|Any CPU.Build.0 = Debug|Any CPU
		{58AA6CC1-E352-4C9E-B1A4-3511C0019095}.Debug|ARM.ActiveCfg = Debug|Any CPU
		{58AA6CC1-E352-4C9E-B1A4-3511C0019095}.Debug|ARM.Build.0 = Debug|Any CPU
		{58AA6CC1-E352-4C9E-B1A4-3511C0019095}.Debug|ARM64.ActiveCfg = Debug|Any CPU
		{58AA6CC1-E352-4C9E-B1A4-3511C0019095}.Debug|ARM64.Build.0 = Debug|Any CPU
		{58AA6CC1-E352-4C9E-B1A4-3511C0019095}.Debug|x64.ActiveCfg = Debug|Any CPU
		{58AA6CC1-E352-4C9E-B1A4-3511C0019095}.Debug|x64.Build.0 = Debug|Any CPU
		{58AA6CC1-E352-4C9E-B1A4-3511C0019095}.Debug|x86.ActiveCfg = Debug|Any CPU
		{58AA6CC1-E352-4C9E-B1A4-3511C0019095}.Debug|x86.Build.0 = Debug|Any CPU
		{58AA6CC1-E352-4C9E-B1A4-3511C0019095}.Release|Any CPU.ActiveCfg = Release|Any CPU
		{58AA6CC1-E352-4C9E-B1A4-3511C0019095}.Release|Any CPU.Build.0 = Release|Any CPU
		{58AA6CC1-E352-4C9E-B1A4-3511C0019095}.Release|ARM.ActiveCfg = Release|Any CPU
		{58AA6CC1-E352-4C9E-B1A4-3511C0019095}.Release|ARM.Build.0 = Release|Any CPU
		{58AA6CC1-E352-4C9E-B1A4-3511C0019095}.Release|ARM64.ActiveCfg = Release|Any CPU
		{58AA6CC1-E352-4C9E-B1A4-3511C0019095}.Release|ARM64.Build.0 = Release|Any CPU
		{58AA6CC1-E352-4C9E-B1A4-3511C0019095}.Release|x64.ActiveCfg = Release|Any CPU
		{58AA6CC1-E352-4C9E-B1A4-3511C0019095}.Release|x64.Build.0 = Release|Any CPU
		{58AA6CC1-E352-4C9E-B1A4-3511C0019095}.Release|x86.ActiveCfg = Release|Any CPU
		{58AA6CC1-E352-4C9E-B1A4-3511C0019095}.Release|x86.Build.0 = Release|Any CPU
		{ED2B5C7A-C941-4B61-9425-CA478C5219BF}.Debug|Any CPU.ActiveCfg = Debug|Any CPU
		{ED2B5C7A-C941-4B61-9425-CA478C5219BF}.Debug|Any CPU.Build.0 = Debug|Any CPU
		{ED2B5C7A-C941-4B61-9425-CA478C5219BF}.Debug|ARM.ActiveCfg = Debug|Any CPU
		{ED2B5C7A-C941-4B61-9425-CA478C5219BF}.Debug|ARM.Build.0 = Debug|Any CPU
		{ED2B5C7A-C941-4B61-9425-CA478C5219BF}.Debug|ARM64.ActiveCfg = Debug|Any CPU
		{ED2B5C7A-C941-4B61-9425-CA478C5219BF}.Debug|ARM64.Build.0 = Debug|Any CPU
		{ED2B5C7A-C941-4B61-9425-CA478C5219BF}.Debug|x64.ActiveCfg = Debug|Any CPU
		{ED2B5C7A-C941-4B61-9425-CA478C5219BF}.Debug|x64.Build.0 = Debug|Any CPU
		{ED2B5C7A-C941-4B61-9425-CA478C5219BF}.Debug|x86.ActiveCfg = Debug|Any CPU
		{ED2B5C7A-C941-4B61-9425-CA478C5219BF}.Debug|x86.Build.0 = Debug|Any CPU
		{ED2B5C7A-C941-4B61-9425-CA478C5219BF}.Release|Any CPU.ActiveCfg = Release|Any CPU
		{ED2B5C7A-C941-4B61-9425-CA478C5219BF}.Release|Any CPU.Build.0 = Release|Any CPU
		{ED2B5C7A-C941-4B61-9425-CA478C5219BF}.Release|ARM.ActiveCfg = Release|Any CPU
		{ED2B5C7A-C941-4B61-9425-CA478C5219BF}.Release|ARM.Build.0 = Release|Any CPU
		{ED2B5C7A-C941-4B61-9425-CA478C5219BF}.Release|ARM64.ActiveCfg = Release|Any CPU
		{ED2B5C7A-C941-4B61-9425-CA478C5219BF}.Release|ARM64.Build.0 = Release|Any CPU
		{ED2B5C7A-C941-4B61-9425-CA478C5219BF}.Release|x64.ActiveCfg = Release|Any CPU
		{ED2B5C7A-C941-4B61-9425-CA478C5219BF}.Release|x64.Build.0 = Release|Any CPU
		{ED2B5C7A-C941-4B61-9425-CA478C5219BF}.Release|x86.ActiveCfg = Release|Any CPU
		{ED2B5C7A-C941-4B61-9425-CA478C5219BF}.Release|x86.Build.0 = Release|Any CPU
		{FBDB50F5-FF5C-4012-8253-30E63298AB8D}.Debug|Any CPU.ActiveCfg = Debug|Any CPU
		{FBDB50F5-FF5C-4012-8253-30E63298AB8D}.Debug|Any CPU.Build.0 = Debug|Any CPU
		{FBDB50F5-FF5C-4012-8253-30E63298AB8D}.Debug|ARM.ActiveCfg = Debug|Any CPU
		{FBDB50F5-FF5C-4012-8253-30E63298AB8D}.Debug|ARM.Build.0 = Debug|Any CPU
		{FBDB50F5-FF5C-4012-8253-30E63298AB8D}.Debug|ARM64.ActiveCfg = Debug|Any CPU
		{FBDB50F5-FF5C-4012-8253-30E63298AB8D}.Debug|ARM64.Build.0 = Debug|Any CPU
		{FBDB50F5-FF5C-4012-8253-30E63298AB8D}.Debug|x64.ActiveCfg = Debug|Any CPU
		{FBDB50F5-FF5C-4012-8253-30E63298AB8D}.Debug|x64.Build.0 = Debug|Any CPU
		{FBDB50F5-FF5C-4012-8253-30E63298AB8D}.Debug|x86.ActiveCfg = Debug|Any CPU
		{FBDB50F5-FF5C-4012-8253-30E63298AB8D}.Debug|x86.Build.0 = Debug|Any CPU
		{FBDB50F5-FF5C-4012-8253-30E63298AB8D}.Release|Any CPU.ActiveCfg = Release|Any CPU
		{FBDB50F5-FF5C-4012-8253-30E63298AB8D}.Release|Any CPU.Build.0 = Release|Any CPU
		{FBDB50F5-FF5C-4012-8253-30E63298AB8D}.Release|ARM.ActiveCfg = Release|Any CPU
		{FBDB50F5-FF5C-4012-8253-30E63298AB8D}.Release|ARM.Build.0 = Release|Any CPU
		{FBDB50F5-FF5C-4012-8253-30E63298AB8D}.Release|ARM64.ActiveCfg = Release|Any CPU
		{FBDB50F5-FF5C-4012-8253-30E63298AB8D}.Release|ARM64.Build.0 = Release|Any CPU
		{FBDB50F5-FF5C-4012-8253-30E63298AB8D}.Release|x64.ActiveCfg = Release|Any CPU
		{FBDB50F5-FF5C-4012-8253-30E63298AB8D}.Release|x64.Build.0 = Release|Any CPU
		{FBDB50F5-FF5C-4012-8253-30E63298AB8D}.Release|x86.ActiveCfg = Release|Any CPU
		{FBDB50F5-FF5C-4012-8253-30E63298AB8D}.Release|x86.Build.0 = Release|Any CPU
		{8AD1FCF9-3D83-404A-A0FA-75360FC247BC}.Debug|Any CPU.ActiveCfg = Debug|Any CPU
		{8AD1FCF9-3D83-404A-A0FA-75360FC247BC}.Debug|Any CPU.Build.0 = Debug|Any CPU
		{8AD1FCF9-3D83-404A-A0FA-75360FC247BC}.Debug|ARM.ActiveCfg = Debug|Any CPU
		{8AD1FCF9-3D83-404A-A0FA-75360FC247BC}.Debug|ARM.Build.0 = Debug|Any CPU
		{8AD1FCF9-3D83-404A-A0FA-75360FC247BC}.Debug|ARM64.ActiveCfg = Debug|Any CPU
		{8AD1FCF9-3D83-404A-A0FA-75360FC247BC}.Debug|ARM64.Build.0 = Debug|Any CPU
		{8AD1FCF9-3D83-404A-A0FA-75360FC247BC}.Debug|x64.ActiveCfg = Debug|Any CPU
		{8AD1FCF9-3D83-404A-A0FA-75360FC247BC}.Debug|x64.Build.0 = Debug|Any CPU
		{8AD1FCF9-3D83-404A-A0FA-75360FC247BC}.Debug|x86.ActiveCfg = Debug|Any CPU
		{8AD1FCF9-3D83-404A-A0FA-75360FC247BC}.Debug|x86.Build.0 = Debug|Any CPU
		{8AD1FCF9-3D83-404A-A0FA-75360FC247BC}.Release|Any CPU.ActiveCfg = Release|Any CPU
		{8AD1FCF9-3D83-404A-A0FA-75360FC247BC}.Release|Any CPU.Build.0 = Release|Any CPU
		{8AD1FCF9-3D83-404A-A0FA-75360FC247BC}.Release|ARM.ActiveCfg = Release|Any CPU
		{8AD1FCF9-3D83-404A-A0FA-75360FC247BC}.Release|ARM.Build.0 = Release|Any CPU
		{8AD1FCF9-3D83-404A-A0FA-75360FC247BC}.Release|ARM64.ActiveCfg = Release|Any CPU
		{8AD1FCF9-3D83-404A-A0FA-75360FC247BC}.Release|ARM64.Build.0 = Release|Any CPU
		{8AD1FCF9-3D83-404A-A0FA-75360FC247BC}.Release|x64.ActiveCfg = Release|Any CPU
		{8AD1FCF9-3D83-404A-A0FA-75360FC247BC}.Release|x64.Build.0 = Release|Any CPU
		{8AD1FCF9-3D83-404A-A0FA-75360FC247BC}.Release|x86.ActiveCfg = Release|Any CPU
		{8AD1FCF9-3D83-404A-A0FA-75360FC247BC}.Release|x86.Build.0 = Release|Any CPU
		{233F9E62-01A6-41FF-87BB-7A2E37B3CD08}.Debug|Any CPU.ActiveCfg = Debug|x64
		{233F9E62-01A6-41FF-87BB-7A2E37B3CD08}.Debug|Any CPU.Build.0 = Debug|x64
		{233F9E62-01A6-41FF-87BB-7A2E37B3CD08}.Debug|ARM.ActiveCfg = Debug|Any CPU
		{233F9E62-01A6-41FF-87BB-7A2E37B3CD08}.Debug|ARM.Build.0 = Debug|Any CPU
		{233F9E62-01A6-41FF-87BB-7A2E37B3CD08}.Debug|ARM64.ActiveCfg = Debug|Any CPU
		{233F9E62-01A6-41FF-87BB-7A2E37B3CD08}.Debug|ARM64.Build.0 = Debug|Any CPU
		{233F9E62-01A6-41FF-87BB-7A2E37B3CD08}.Debug|x64.ActiveCfg = Debug|x64
		{233F9E62-01A6-41FF-87BB-7A2E37B3CD08}.Debug|x64.Build.0 = Debug|x64
		{233F9E62-01A6-41FF-87BB-7A2E37B3CD08}.Debug|x86.ActiveCfg = Debug|x86
		{233F9E62-01A6-41FF-87BB-7A2E37B3CD08}.Debug|x86.Build.0 = Debug|x86
		{233F9E62-01A6-41FF-87BB-7A2E37B3CD08}.Release|Any CPU.ActiveCfg = Release|x64
		{233F9E62-01A6-41FF-87BB-7A2E37B3CD08}.Release|Any CPU.Build.0 = Release|x64
		{233F9E62-01A6-41FF-87BB-7A2E37B3CD08}.Release|ARM.ActiveCfg = Release|Any CPU
		{233F9E62-01A6-41FF-87BB-7A2E37B3CD08}.Release|ARM.Build.0 = Release|Any CPU
		{233F9E62-01A6-41FF-87BB-7A2E37B3CD08}.Release|ARM64.ActiveCfg = Release|Any CPU
		{233F9E62-01A6-41FF-87BB-7A2E37B3CD08}.Release|ARM64.Build.0 = Release|Any CPU
		{233F9E62-01A6-41FF-87BB-7A2E37B3CD08}.Release|x64.ActiveCfg = Release|x64
		{233F9E62-01A6-41FF-87BB-7A2E37B3CD08}.Release|x64.Build.0 = Release|x64
		{233F9E62-01A6-41FF-87BB-7A2E37B3CD08}.Release|x86.ActiveCfg = Release|x86
		{233F9E62-01A6-41FF-87BB-7A2E37B3CD08}.Release|x86.Build.0 = Release|x86
		{3D633D08-14DA-401B-BDDC-173A829AF2B6}.Debug|Any CPU.ActiveCfg = Debug|x64
		{3D633D08-14DA-401B-BDDC-173A829AF2B6}.Debug|Any CPU.Build.0 = Debug|x64
		{3D633D08-14DA-401B-BDDC-173A829AF2B6}.Debug|Any CPU.Deploy.0 = Debug|x64
		{3D633D08-14DA-401B-BDDC-173A829AF2B6}.Debug|ARM.ActiveCfg = Debug|ARM
		{3D633D08-14DA-401B-BDDC-173A829AF2B6}.Debug|ARM.Build.0 = Debug|ARM
		{3D633D08-14DA-401B-BDDC-173A829AF2B6}.Debug|ARM.Deploy.0 = Debug|ARM
		{3D633D08-14DA-401B-BDDC-173A829AF2B6}.Debug|ARM64.ActiveCfg = Debug|ARM64
		{3D633D08-14DA-401B-BDDC-173A829AF2B6}.Debug|ARM64.Build.0 = Debug|ARM64
		{3D633D08-14DA-401B-BDDC-173A829AF2B6}.Debug|ARM64.Deploy.0 = Debug|ARM64
		{3D633D08-14DA-401B-BDDC-173A829AF2B6}.Debug|x64.ActiveCfg = Debug|x64
		{3D633D08-14DA-401B-BDDC-173A829AF2B6}.Debug|x64.Build.0 = Debug|x64
		{3D633D08-14DA-401B-BDDC-173A829AF2B6}.Debug|x64.Deploy.0 = Debug|x64
		{3D633D08-14DA-401B-BDDC-173A829AF2B6}.Debug|x86.ActiveCfg = Debug|x86
		{3D633D08-14DA-401B-BDDC-173A829AF2B6}.Debug|x86.Build.0 = Debug|x86
		{3D633D08-14DA-401B-BDDC-173A829AF2B6}.Debug|x86.Deploy.0 = Debug|x86
		{3D633D08-14DA-401B-BDDC-173A829AF2B6}.Release|Any CPU.ActiveCfg = Release|x64
		{3D633D08-14DA-401B-BDDC-173A829AF2B6}.Release|Any CPU.Build.0 = Release|x64
		{3D633D08-14DA-401B-BDDC-173A829AF2B6}.Release|Any CPU.Deploy.0 = Release|x64
		{3D633D08-14DA-401B-BDDC-173A829AF2B6}.Release|ARM.ActiveCfg = Release|ARM
		{3D633D08-14DA-401B-BDDC-173A829AF2B6}.Release|ARM.Build.0 = Release|ARM
		{3D633D08-14DA-401B-BDDC-173A829AF2B6}.Release|ARM.Deploy.0 = Release|ARM
		{3D633D08-14DA-401B-BDDC-173A829AF2B6}.Release|ARM64.ActiveCfg = Release|ARM64
		{3D633D08-14DA-401B-BDDC-173A829AF2B6}.Release|ARM64.Build.0 = Release|ARM64
		{3D633D08-14DA-401B-BDDC-173A829AF2B6}.Release|ARM64.Deploy.0 = Release|ARM64
		{3D633D08-14DA-401B-BDDC-173A829AF2B6}.Release|x64.ActiveCfg = Release|x64
		{3D633D08-14DA-401B-BDDC-173A829AF2B6}.Release|x64.Build.0 = Release|x64
		{3D633D08-14DA-401B-BDDC-173A829AF2B6}.Release|x64.Deploy.0 = Release|x64
		{3D633D08-14DA-401B-BDDC-173A829AF2B6}.Release|x86.ActiveCfg = Release|x86
		{3D633D08-14DA-401B-BDDC-173A829AF2B6}.Release|x86.Build.0 = Release|x86
		{3D633D08-14DA-401B-BDDC-173A829AF2B6}.Release|x86.Deploy.0 = Release|x86
		{6CB4001F-790F-418D-8587-046CB0CC9BFA}.Debug|Any CPU.ActiveCfg = Debug|Any CPU
		{6CB4001F-790F-418D-8587-046CB0CC9BFA}.Debug|Any CPU.Build.0 = Debug|Any CPU
		{6CB4001F-790F-418D-8587-046CB0CC9BFA}.Debug|ARM.ActiveCfg = Debug|Any CPU
		{6CB4001F-790F-418D-8587-046CB0CC9BFA}.Debug|ARM.Build.0 = Debug|Any CPU
		{6CB4001F-790F-418D-8587-046CB0CC9BFA}.Debug|ARM64.ActiveCfg = Debug|Any CPU
		{6CB4001F-790F-418D-8587-046CB0CC9BFA}.Debug|ARM64.Build.0 = Debug|Any CPU
		{6CB4001F-790F-418D-8587-046CB0CC9BFA}.Debug|x64.ActiveCfg = Debug|Any CPU
		{6CB4001F-790F-418D-8587-046CB0CC9BFA}.Debug|x64.Build.0 = Debug|Any CPU
		{6CB4001F-790F-418D-8587-046CB0CC9BFA}.Debug|x86.ActiveCfg = Debug|Any CPU
		{6CB4001F-790F-418D-8587-046CB0CC9BFA}.Debug|x86.Build.0 = Debug|Any CPU
		{6CB4001F-790F-418D-8587-046CB0CC9BFA}.Release|Any CPU.ActiveCfg = Release|Any CPU
		{6CB4001F-790F-418D-8587-046CB0CC9BFA}.Release|Any CPU.Build.0 = Release|Any CPU
		{6CB4001F-790F-418D-8587-046CB0CC9BFA}.Release|ARM.ActiveCfg = Release|Any CPU
		{6CB4001F-790F-418D-8587-046CB0CC9BFA}.Release|ARM.Build.0 = Release|Any CPU
		{6CB4001F-790F-418D-8587-046CB0CC9BFA}.Release|ARM64.ActiveCfg = Release|Any CPU
		{6CB4001F-790F-418D-8587-046CB0CC9BFA}.Release|ARM64.Build.0 = Release|Any CPU
		{6CB4001F-790F-418D-8587-046CB0CC9BFA}.Release|x64.ActiveCfg = Release|Any CPU
		{6CB4001F-790F-418D-8587-046CB0CC9BFA}.Release|x64.Build.0 = Release|Any CPU
		{6CB4001F-790F-418D-8587-046CB0CC9BFA}.Release|x86.ActiveCfg = Release|Any CPU
		{6CB4001F-790F-418D-8587-046CB0CC9BFA}.Release|x86.Build.0 = Release|Any CPU
	EndGlobalSection
	GlobalSection(SolutionProperties) = preSolution
		HideSolutionNode = FALSE
	EndGlobalSection
	GlobalSection(NestedProjects) = preSolution
		{7D97ABE0-9358-48E9-AE9A-DA20460A0EC0} = {B32B69E7-D7BF-4D84-B9A6-76202CB9E3C0}
		{FF092A01-D73E-4C87-BF37-FDDBFF180171} = {B32B69E7-D7BF-4D84-B9A6-76202CB9E3C0}
		{F5E4EEFB-C013-44BC-8EF0-C8881164B4FC} = {B32B69E7-D7BF-4D84-B9A6-76202CB9E3C0}
		{5EC40106-191C-460A-BDF6-4D7AC73A5A7F} = {B32B69E7-D7BF-4D84-B9A6-76202CB9E3C0}
		{6FD0F937-88BC-4BE1-85F7-16124DD1F231} = {F210F7D8-2FCC-47FF-B21E-2C26114D9955}
		{71974018-F9BC-401A-AA31-EA0FC36D4E56} = {F210F7D8-2FCC-47FF-B21E-2C26114D9955}
		{6EEAA094-D317-4EED-B0C6-FDBF10DBA29C} = {F210F7D8-2FCC-47FF-B21E-2C26114D9955}
		{58AA6CC1-E352-4C9E-B1A4-3511C0019095} = {F210F7D8-2FCC-47FF-B21E-2C26114D9955}
		{ED2B5C7A-C941-4B61-9425-CA478C5219BF} = {F210F7D8-2FCC-47FF-B21E-2C26114D9955}
		{FBDB50F5-FF5C-4012-8253-30E63298AB8D} = {F210F7D8-2FCC-47FF-B21E-2C26114D9955}
		{8AD1FCF9-3D83-404A-A0FA-75360FC247BC} = {F210F7D8-2FCC-47FF-B21E-2C26114D9955}
		{AC7C472C-21AF-4B23-9CA4-159CAB4534D8} = {BF515029-C34E-437C-A606-A44859B48861}
		{233F9E62-01A6-41FF-87BB-7A2E37B3CD08} = {AC7C472C-21AF-4B23-9CA4-159CAB4534D8}
		{3D633D08-14DA-401B-BDDC-173A829AF2B6} = {AC7C472C-21AF-4B23-9CA4-159CAB4534D8}
		{6CB4001F-790F-418D-8587-046CB0CC9BFA} = {AC7C472C-21AF-4B23-9CA4-159CAB4534D8}
	EndGlobalSection
	GlobalSection(ExtensibilityGlobals) = postSolution
		SolutionGuid = {B19A4A22-F9DC-44AB-92F2-4184DDBC7C98}
	EndGlobalSection
EndGlobal
